
Microsoft Visual Studio Solution File, Format Version 12.00
# Visual Studio 15
VisualStudioVersion = 15.0.27009.1
MinimumVisualStudioVersion = 10.0.40219.1
Project("{FAE04EC0-301F-11D3-BF4B-00C04F79EFBC}") = "CreSuccessAlgorithms", "SuccessAlgorithms\CreSuccessAlgorithms.csproj", "{73A2349D-1EF8-4ADF-8291-A441A4B14001}"
EndProject
Global
	GlobalSection(SolutionConfigurationPlatforms) = preSolution
		Debug|Any CPU = Debug|Any CPU
		Release|Any CPU = Release|Any CPU
	EndGlobalSection
	GlobalSection(ProjectConfigurationPlatforms) = postSolution
		{73A2349D-1EF8-4ADF-8291-A441A4B14001}.Debug|Any CPU.ActiveCfg = Debug|Any CPU
		{73A2349D-1EF8-4ADF-8291-A441A4B14001}.Debug|Any CPU.Build.0 = Debug|Any CPU
		{73A2349D-1EF8-4ADF-8291-A441A4B14001}.Release|Any CPU.ActiveCfg = Release|Any CPU
		{73A2349D-1EF8-4ADF-8291-A441A4B14001}.Release|Any CPU.Build.0 = Release|Any CPU
	EndGlobalSection
	GlobalSection(SolutionProperties) = preSolution
		HideSolutionNode = FALSE
	EndGlobalSection
	GlobalSection(ExtensibilityGlobals) = postSolution
		SolutionGuid = {646309A6-7E80-4521-8498-C52F3337C48E}
	EndGlobalSection
EndGlobal
